
Microsoft Visual Studio Solution File, Format Version 12.00
# Visual Studio Version 17
VisualStudioVersion = 17.3.32929.385
MinimumVisualStudioVersion = 10.0.40219.1
Project("{9A19103F-16F7-4668-BE54-9A1E7A4F7556}") = "NQueensTesting", "NQueensTesting\NQueensTesting.csproj", "{81C4B3CB-0BAE-446F-833E-B6F6FEFA6765}"
EndProject
Project("{9A19103F-16F7-4668-BE54-9A1E7A4F7556}") = "BinarySearch", "BinarySearch\BinarySearch.csproj", "{A97FEF42-A352-4AAC-9F05-60DCAA590EEA}"
EndProject
Project("{FAE04EC0-301F-11D3-BF4B-00C04F79EFBC}") = "TicTacToe", "TicTacToe\TicTacToe.csproj", "{2418165F-4355-413C-BEDB-DDB2F9A26F11}"
EndProject
Project("{FAE04EC0-301F-11D3-BF4B-00C04F79EFBC}") = "TicTacToeTesting", "TicTacToeTesting\TicTacToeTesting.csproj", "{4A20BDC3-6ED2-4E72-BA3E-92D7AA9C08F6}"
EndProject
Global
	GlobalSection(SolutionConfigurationPlatforms) = preSolution
		Debug|Any CPU = Debug|Any CPU
		Release|Any CPU = Release|Any CPU
	EndGlobalSection
	GlobalSection(ProjectConfigurationPlatforms) = postSolution
		{81C4B3CB-0BAE-446F-833E-B6F6FEFA6765}.Debug|Any CPU.ActiveCfg = Debug|Any CPU
		{81C4B3CB-0BAE-446F-833E-B6F6FEFA6765}.Debug|Any CPU.Build.0 = Debug|Any CPU
		{81C4B3CB-0BAE-446F-833E-B6F6FEFA6765}.Release|Any CPU.ActiveCfg = Release|Any CPU
		{81C4B3CB-0BAE-446F-833E-B6F6FEFA6765}.Release|Any CPU.Build.0 = Release|Any CPU
		{A97FEF42-A352-4AAC-9F05-60DCAA590EEA}.Debug|Any CPU.ActiveCfg = Debug|Any CPU
		{A97FEF42-A352-4AAC-9F05-60DCAA590EEA}.Debug|Any CPU.Build.0 = Debug|Any CPU
		{A97FEF42-A352-4AAC-9F05-60DCAA590EEA}.Release|Any CPU.ActiveCfg = Release|Any CPU
		{A97FEF42-A352-4AAC-9F05-60DCAA590EEA}.Release|Any CPU.Build.0 = Release|Any CPU
		{2418165F-4355-413C-BEDB-DDB2F9A26F11}.Debug|Any CPU.ActiveCfg = Debug|Any CPU
		{2418165F-4355-413C-BEDB-DDB2F9A26F11}.Debug|Any CPU.Build.0 = Debug|Any CPU
		{2418165F-4355-413C-BEDB-DDB2F9A26F11}.Release|Any CPU.ActiveCfg = Release|Any CPU
		{2418165F-4355-413C-BEDB-DDB2F9A26F11}.Release|Any CPU.Build.0 = Release|Any CPU
		{4A20BDC3-6ED2-4E72-BA3E-92D7AA9C08F6}.Debug|Any CPU.ActiveCfg = Debug|Any CPU
		{4A20BDC3-6ED2-4E72-BA3E-92D7AA9C08F6}.Debug|Any CPU.Build.0 = Debug|Any CPU
		{4A20BDC3-6ED2-4E72-BA3E-92D7AA9C08F6}.Release|Any CPU.ActiveCfg = Release|Any CPU
		{4A20BDC3-6ED2-4E72-BA3E-92D7AA9C08F6}.Release|Any CPU.Build.0 = Release|Any CPU
	EndGlobalSection
	GlobalSection(SolutionProperties) = preSolution
		HideSolutionNode = FALSE
	EndGlobalSection
	GlobalSection(ExtensibilityGlobals) = postSolution
		SolutionGuid = {0E3F9110-544C-4F52-8D3F-2E238B399D52}
	EndGlobalSection
EndGlobal
